
Microsoft Visual Studio Solution File, Format Version 12.00
# Visual Studio Version 16
VisualStudioVersion = 16.0.34031.81
MinimumVisualStudioVersion = 10.0.40219.1
Project("{FAE04EC0-301F-11D3-BF4B-00C04F79EFBC}") = "DataAccess", "DataAccess\DataAccess.csproj", "{C543B8B7-A927-49E2-A841-8F3E79B2DA1A}"
EndProject
Project("{FAE04EC0-301F-11D3-BF4B-00C04F79EFBC}") = "Business", "Business\Business.csproj", "{A39D21DC-2EE6-4687-97E6-427919518800}"
EndProject
Project("{FAE04EC0-301F-11D3-BF4B-00C04F79EFBC}") = "Entities", "Entities\Entities.csproj", "{ACCD4315-1656-45E1-8B01-00D7A270C581}"
EndProject
Project("{FAE04EC0-301F-11D3-BF4B-00C04F79EFBC}") = "ConsoleUI", "ConsoleUI\ConsoleUI.csproj", "{EFDB4D4B-F952-46DB-BFFA-82C2D3BBADC5}"
EndProject
Project("{FAE04EC0-301F-11D3-BF4B-00C04F79EFBC}") = "Core", "Core\Core.csproj", "{0E0B6643-CBD7-4FC1-89FD-CAE3398011EA}"
EndProject
Global
	GlobalSection(SolutionConfigurationPlatforms) = preSolution
		Debug|Any CPU = Debug|Any CPU
		Release|Any CPU = Release|Any CPU
	EndGlobalSection
	GlobalSection(ProjectConfigurationPlatforms) = postSolution
		{C543B8B7-A927-49E2-A841-8F3E79B2DA1A}.Debug|Any CPU.ActiveCfg = Debug|Any CPU
		{C543B8B7-A927-49E2-A841-8F3E79B2DA1A}.Debug|Any CPU.Build.0 = Debug|Any CPU
		{C543B8B7-A927-49E2-A841-8F3E79B2DA1A}.Release|Any CPU.ActiveCfg = Release|Any CPU
		{C543B8B7-A927-49E2-A841-8F3E79B2DA1A}.Release|Any CPU.Build.0 = Release|Any CPU
		{A39D21DC-2EE6-4687-97E6-427919518800}.Debug|Any CPU.ActiveCfg = Debug|Any CPU
		{A39D21DC-2EE6-4687-97E6-427919518800}.Debug|Any CPU.Build.0 = Debug|Any CPU
		{A39D21DC-2EE6-4687-97E6-427919518800}.Release|Any CPU.ActiveCfg = Release|Any CPU
		{A39D21DC-2EE6-4687-97E6-427919518800}.Release|Any CPU.Build.0 = Release|Any CPU
		{ACCD4315-1656-45E1-8B01-00D7A270C581}.Debug|Any CPU.ActiveCfg = Debug|Any CPU
		{ACCD4315-1656-45E1-8B01-00D7A270C581}.Debug|Any CPU.Build.0 = Debug|Any CPU
		{ACCD4315-1656-45E1-8B01-00D7A270C581}.Release|Any CPU.ActiveCfg = Release|Any CPU
		{ACCD4315-1656-45E1-8B01-00D7A270C581}.Release|Any CPU.Build.0 = Release|Any CPU
		{EFDB4D4B-F952-46DB-BFFA-82C2D3BBADC5}.Debug|Any CPU.ActiveCfg = Debug|Any CPU
		{EFDB4D4B-F952-46DB-BFFA-82C2D3BBADC5}.Debug|Any CPU.Build.0 = Debug|Any CPU
		{EFDB4D4B-F952-46DB-BFFA-82C2D3BBADC5}.Release|Any CPU.ActiveCfg = Release|Any CPU
		{EFDB4D4B-F952-46DB-BFFA-82C2D3BBADC5}.Release|Any CPU.Build.0 = Release|Any CPU
		{0E0B6643-CBD7-4FC1-89FD-CAE3398011EA}.Debug|Any CPU.ActiveCfg = Debug|Any CPU
		{0E0B6643-CBD7-4FC1-89FD-CAE3398011EA}.Debug|Any CPU.Build.0 = Debug|Any CPU
		{0E0B6643-CBD7-4FC1-89FD-CAE3398011EA}.Release|Any CPU.ActiveCfg = Release|Any CPU
		{0E0B6643-CBD7-4FC1-89FD-CAE3398011EA}.Release|Any CPU.Build.0 = Release|Any CPU
	EndGlobalSection
	GlobalSection(SolutionProperties) = preSolution
		HideSolutionNode = FALSE
	EndGlobalSection
	GlobalSection(ExtensibilityGlobals) = postSolution
		SolutionGuid = {8598D3C2-8882-4D06-8841-579B2D6183C2}
	EndGlobalSection
EndGlobal
